// !$*UTF8*$!
{
	archiveVersion = 1;
	classes = {
	};
	objectVersion = 46;
	objects = {

/* Begin PBXBuildFile section */
		3E6F8D2267684AED920B0F5B /* Pods_timetable.framework in Frameworks */ = {isa = PBXBuildFile; fileRef = F08774DE77FE4DFD049A79C6 /* Pods_timetable.framework */; };
		7A367CB51EA1051F00C84742 /* DayTabBar.swift in Sources */ = {isa = PBXBuildFile; fileRef = 7A367CB41EA1051F00C84742 /* DayTabBar.swift */; };
		7A5F7B6F1EB6095800833C01 /* EachDayRange.swift in Sources */ = {isa = PBXBuildFile; fileRef = 7A5F7B6E1EB6095800833C01 /* EachDayRange.swift */; };
		7A5F7B711EB6258100833C01 /* DetailTimetableViewController.swift in Sources */ = {isa = PBXBuildFile; fileRef = 7A5F7B701EB6258100833C01 /* DetailTimetableViewController.swift */; };
		7A5F7B731EC3369A00833C01 /* SettingFormViewController.swift in Sources */ = {isa = PBXBuildFile; fileRef = 7A5F7B721EC3369A00833C01 /* SettingFormViewController.swift */; };
		7A7191E01EAC812F00CB829D /* FocusView.swift in Sources */ = {isa = PBXBuildFile; fileRef = 7A7191DF1EAC812F00CB829D /* FocusView.swift */; };
		7AA84E5C1E9B91B30025499E /* TimeTableEachDayViewController.swift in Sources */ = {isa = PBXBuildFile; fileRef = 7AA84E5B1E9B91B30025499E /* TimeTableEachDayViewController.swift */; };
		7AC182801E9293570085E7CF /* AppDelegate.swift in Sources */ = {isa = PBXBuildFile; fileRef = 7AC1827F1E9293570085E7CF /* AppDelegate.swift */; };
		7AC182821E9293570085E7CF /* ViewController.swift in Sources */ = {isa = PBXBuildFile; fileRef = 7AC182811E9293570085E7CF /* ViewController.swift */; };
		7AC182851E9293570085E7CF /* Main.storyboard in Resources */ = {isa = PBXBuildFile; fileRef = 7AC182831E9293570085E7CF /* Main.storyboard */; };
		7AC182871E9293570085E7CF /* Assets.xcassets in Resources */ = {isa = PBXBuildFile; fileRef = 7AC182861E9293570085E7CF /* Assets.xcassets */; };
		7AC1828A1E9293570085E7CF /* LaunchScreen.storyboard in Resources */ = {isa = PBXBuildFile; fileRef = 7AC182881E9293570085E7CF /* LaunchScreen.storyboard */; };
		7AC182951E9293570085E7CF /* timetableTests.swift in Sources */ = {isa = PBXBuildFile; fileRef = 7AC182941E9293570085E7CF /* timetableTests.swift */; };
		7AC182A01E9293570085E7CF /* timetableUITests.swift in Sources */ = {isa = PBXBuildFile; fileRef = 7AC1829F1E9293570085E7CF /* timetableUITests.swift */; };
		7AC87ACF1EA4C4FC00A5B3C9 /* timetableData.swift in Sources */ = {isa = PBXBuildFile; fileRef = 7AC87ACE1EA4C4FC00A5B3C9 /* timetableData.swift */; };
		7AC87AD21EA4C6E700A5B3C9 /* WeekOfDay.swift in Sources */ = {isa = PBXBuildFile; fileRef = 7AC87AD11EA4C6E700A5B3C9 /* WeekOfDay.swift */; };
		7AC87AD41EA7924300A5B3C9 /* UIColorHexExtension.swift in Sources */ = {isa = PBXBuildFile; fileRef = 7AC87AD31EA7924200A5B3C9 /* UIColorHexExtension.swift */; };
		7AC87AD81EA8DCA600A5B3C9 /* TabBarSetting.swift in Sources */ = {isa = PBXBuildFile; fileRef = 7AC87AD71EA8DCA600A5B3C9 /* TabBarSetting.swift */; };
		7AFB498C1E95394A000EC38D /* timeTableViewCell.swift in Sources */ = {isa = PBXBuildFile; fileRef = 7AFB498B1E95394A000EC38D /* timeTableViewCell.swift */; };
		7AFB49901E967495000EC38D /* timetable.swift in Sources */ = {isa = PBXBuildFile; fileRef = 7AFB498F1E967495000EC38D /* timetable.swift */; };
		7DC0E4695D71DB2CB8B73736 /* Pods_timetableTests.framework in Frameworks */ = {isa = PBXBuildFile; fileRef = D8DF1D1C787BF3B47885B621 /* Pods_timetableTests.framework */; };
		958BA8BBD91136C862B2A689 /* Pods_timetableUITests.framework in Frameworks */ = {isa = PBXBuildFile; fileRef = C464314942A87157D95CBFE1 /* Pods_timetableUITests.framework */; };
/* End PBXBuildFile section */

/* Begin PBXContainerItemProxy section */
		7AC182911E9293570085E7CF /* PBXContainerItemProxy */ = {
			isa = PBXContainerItemProxy;
			containerPortal = 7AC182741E9293570085E7CF /* Project object */;
			proxyType = 1;
			remoteGlobalIDString = 7AC1827B1E9293570085E7CF;
			remoteInfo = timetable;
		};
		7AC1829C1E9293570085E7CF /* PBXContainerItemProxy */ = {
			isa = PBXContainerItemProxy;
			containerPortal = 7AC182741E9293570085E7CF /* Project object */;
			proxyType = 1;
			remoteGlobalIDString = 7AC1827B1E9293570085E7CF;
			remoteInfo = timetable;
		};
/* End PBXContainerItemProxy section */

/* Begin PBXFileReference section */
		21F94FF3C4D2BEEF8A8790D2 /* Pods-timetableTests.debug.xcconfig */ = {isa = PBXFileReference; includeInIndex = 1; lastKnownFileType = text.xcconfig; name = "Pods-timetableTests.debug.xcconfig"; path = "Pods/Target Support Files/Pods-timetableTests/Pods-timetableTests.debug.xcconfig"; sourceTree = "<group>"; };
		6F9EAB2B21AD894F692B3549 /* Pods-timetableUITests.debug.xcconfig */ = {isa = PBXFileReference; includeInIndex = 1; lastKnownFileType = text.xcconfig; name = "Pods-timetableUITests.debug.xcconfig"; path = "Pods/Target Support Files/Pods-timetableUITests/Pods-timetableUITests.debug.xcconfig"; sourceTree = "<group>"; };
		73A88E9CC88C1BE3F0E42701 /* Pods-timetable.release.xcconfig */ = {isa = PBXFileReference; includeInIndex = 1; lastKnownFileType = text.xcconfig; name = "Pods-timetable.release.xcconfig"; path = "Pods/Target Support Files/Pods-timetable/Pods-timetable.release.xcconfig"; sourceTree = "<group>"; };
		7A367CB41EA1051F00C84742 /* DayTabBar.swift */ = {isa = PBXFileReference; fileEncoding = 4; lastKnownFileType = sourcecode.swift; path = DayTabBar.swift; sourceTree = "<group>"; };
		7A5F7B6E1EB6095800833C01 /* EachDayRange.swift */ = {isa = PBXFileReference; fileEncoding = 4; lastKnownFileType = sourcecode.swift; path = EachDayRange.swift; sourceTree = "<group>"; };
		7A5F7B701EB6258100833C01 /* DetailTimetableViewController.swift */ = {isa = PBXFileReference; fileEncoding = 4; lastKnownFileType = sourcecode.swift; path = DetailTimetableViewController.swift; sourceTree = "<group>"; };
		7A5F7B721EC3369A00833C01 /* SettingFormViewController.swift */ = {isa = PBXFileReference; fileEncoding = 4; lastKnownFileType = sourcecode.swift; path = SettingFormViewController.swift; sourceTree = "<group>"; };
		7A7191DF1EAC812F00CB829D /* FocusView.swift */ = {isa = PBXFileReference; fileEncoding = 4; lastKnownFileType = sourcecode.swift; path = FocusView.swift; sourceTree = "<group>"; };
		7AA84E5B1E9B91B30025499E /* TimeTableEachDayViewController.swift */ = {isa = PBXFileReference; fileEncoding = 4; lastKnownFileType = sourcecode.swift; path = TimeTableEachDayViewController.swift; sourceTree = "<group>"; };
		7AC1827C1E9293570085E7CF /* timetable.app */ = {isa = PBXFileReference; explicitFileType = wrapper.application; includeInIndex = 0; path = timetable.app; sourceTree = BUILT_PRODUCTS_DIR; };
		7AC1827F1E9293570085E7CF /* AppDelegate.swift */ = {isa = PBXFileReference; lastKnownFileType = sourcecode.swift; path = AppDelegate.swift; sourceTree = "<group>"; };
		7AC182811E9293570085E7CF /* ViewController.swift */ = {isa = PBXFileReference; lastKnownFileType = sourcecode.swift; path = ViewController.swift; sourceTree = "<group>"; };
		7AC182841E9293570085E7CF /* Base */ = {isa = PBXFileReference; lastKnownFileType = file.storyboard; name = Base; path = Base.lproj/Main.storyboard; sourceTree = "<group>"; };
		7AC182861E9293570085E7CF /* Assets.xcassets */ = {isa = PBXFileReference; lastKnownFileType = folder.assetcatalog; path = Assets.xcassets; sourceTree = "<group>"; };
		7AC182891E9293570085E7CF /* Base */ = {isa = PBXFileReference; lastKnownFileType = file.storyboard; name = Base; path = Base.lproj/LaunchScreen.storyboard; sourceTree = "<group>"; };
		7AC1828B1E9293570085E7CF /* Info.plist */ = {isa = PBXFileReference; lastKnownFileType = text.plist.xml; path = Info.plist; sourceTree = "<group>"; };
		7AC182901E9293570085E7CF /* timetableTests.xctest */ = {isa = PBXFileReference; explicitFileType = wrapper.cfbundle; includeInIndex = 0; path = timetableTests.xctest; sourceTree = BUILT_PRODUCTS_DIR; };
		7AC182941E9293570085E7CF /* timetableTests.swift */ = {isa = PBXFileReference; lastKnownFileType = sourcecode.swift; path = timetableTests.swift; sourceTree = "<group>"; };
		7AC182961E9293570085E7CF /* Info.plist */ = {isa = PBXFileReference; lastKnownFileType = text.plist.xml; path = Info.plist; sourceTree = "<group>"; };
		7AC1829B1E9293570085E7CF /* timetableUITests.xctest */ = {isa = PBXFileReference; explicitFileType = wrapper.cfbundle; includeInIndex = 0; path = timetableUITests.xctest; sourceTree = BUILT_PRODUCTS_DIR; };
		7AC1829F1E9293570085E7CF /* timetableUITests.swift */ = {isa = PBXFileReference; lastKnownFileType = sourcecode.swift; path = timetableUITests.swift; sourceTree = "<group>"; };
		7AC182A11E9293570085E7CF /* Info.plist */ = {isa = PBXFileReference; lastKnownFileType = text.plist.xml; path = Info.plist; sourceTree = "<group>"; };
		7AC87ACE1EA4C4FC00A5B3C9 /* timetableData.swift */ = {isa = PBXFileReference; fileEncoding = 4; lastKnownFileType = sourcecode.swift; path = timetableData.swift; sourceTree = "<group>"; };
		7AC87AD11EA4C6E700A5B3C9 /* WeekOfDay.swift */ = {isa = PBXFileReference; fileEncoding = 4; lastKnownFileType = sourcecode.swift; path = WeekOfDay.swift; sourceTree = "<group>"; };
		7AC87AD31EA7924200A5B3C9 /* UIColorHexExtension.swift */ = {isa = PBXFileReference; fileEncoding = 4; lastKnownFileType = sourcecode.swift; path = UIColorHexExtension.swift; sourceTree = "<group>"; };
		7AC87AD71EA8DCA600A5B3C9 /* TabBarSetting.swift */ = {isa = PBXFileReference; fileEncoding = 4; lastKnownFileType = sourcecode.swift; path = TabBarSetting.swift; sourceTree = "<group>"; };
		7AFB498B1E95394A000EC38D /* timeTableViewCell.swift */ = {isa = PBXFileReference; fileEncoding = 4; lastKnownFileType = sourcecode.swift; path = timeTableViewCell.swift; sourceTree = "<group>"; };
		7AFB498F1E967495000EC38D /* timetable.swift */ = {isa = PBXFileReference; fileEncoding = 4; lastKnownFileType = sourcecode.swift; path = timetable.swift; sourceTree = "<group>"; };
		982AA089738D219E88E754D1 /* Pods-timetableTests.release.xcconfig */ = {isa = PBXFileReference; includeInIndex = 1; lastKnownFileType = text.xcconfig; name = "Pods-timetableTests.release.xcconfig"; path = "Pods/Target Support Files/Pods-timetableTests/Pods-timetableTests.release.xcconfig"; sourceTree = "<group>"; };
		9FD6BB1E2170DB5DE3E4633B /* Pods-timetable.debug.xcconfig */ = {isa = PBXFileReference; includeInIndex = 1; lastKnownFileType = text.xcconfig; name = "Pods-timetable.debug.xcconfig"; path = "Pods/Target Support Files/Pods-timetable/Pods-timetable.debug.xcconfig"; sourceTree = "<group>"; };
		C464314942A87157D95CBFE1 /* Pods_timetableUITests.framework */ = {isa = PBXFileReference; explicitFileType = wrapper.framework; includeInIndex = 0; path = Pods_timetableUITests.framework; sourceTree = BUILT_PRODUCTS_DIR; };
		D8DF1D1C787BF3B47885B621 /* Pods_timetableTests.framework */ = {isa = PBXFileReference; explicitFileType = wrapper.framework; includeInIndex = 0; path = Pods_timetableTests.framework; sourceTree = BUILT_PRODUCTS_DIR; };
		E3144FB4674083B9FDD2E0F6 /* Pods-timetableUITests.release.xcconfig */ = {isa = PBXFileReference; includeInIndex = 1; lastKnownFileType = text.xcconfig; name = "Pods-timetableUITests.release.xcconfig"; path = "Pods/Target Support Files/Pods-timetableUITests/Pods-timetableUITests.release.xcconfig"; sourceTree = "<group>"; };
		F08774DE77FE4DFD049A79C6 /* Pods_timetable.framework */ = {isa = PBXFileReference; explicitFileType = wrapper.framework; includeInIndex = 0; path = Pods_timetable.framework; sourceTree = BUILT_PRODUCTS_DIR; };
/* End PBXFileReference section */

/* Begin PBXFrameworksBuildPhase section */
		7AC182791E9293570085E7CF /* Frameworks */ = {
			isa = PBXFrameworksBuildPhase;
			buildActionMask = 2147483647;
			files = (
				3E6F8D2267684AED920B0F5B /* Pods_timetable.framework in Frameworks */,
			);
			runOnlyForDeploymentPostprocessing = 0;
		};
		7AC1828D1E9293570085E7CF /* Frameworks */ = {
			isa = PBXFrameworksBuildPhase;
			buildActionMask = 2147483647;
			files = (
				7DC0E4695D71DB2CB8B73736 /* Pods_timetableTests.framework in Frameworks */,
			);
			runOnlyForDeploymentPostprocessing = 0;
		};
		7AC182981E9293570085E7CF /* Frameworks */ = {
			isa = PBXFrameworksBuildPhase;
			buildActionMask = 2147483647;
			files = (
				958BA8BBD91136C862B2A689 /* Pods_timetableUITests.framework in Frameworks */,
			);
			runOnlyForDeploymentPostprocessing = 0;
		};
/* End PBXFrameworksBuildPhase section */

/* Begin PBXGroup section */
		1C2DFC4367E7511BDC7AD98B /* Frameworks */ = {
			isa = PBXGroup;
			children = (
				F08774DE77FE4DFD049A79C6 /* Pods_timetable.framework */,
				D8DF1D1C787BF3B47885B621 /* Pods_timetableTests.framework */,
				C464314942A87157D95CBFE1 /* Pods_timetableUITests.framework */,
			);
			name = Frameworks;
			sourceTree = "<group>";
		};
		7AC182731E9293570085E7CF = {
			isa = PBXGroup;
			children = (
				7AC1827E1E9293570085E7CF /* timetable */,
				7AC182931E9293570085E7CF /* timetableTests */,
				7AC1829E1E9293570085E7CF /* timetableUITests */,
				7AC1827D1E9293570085E7CF /* Products */,
				9FCD5594FF5633E8F73EABC9 /* Pods */,
				1C2DFC4367E7511BDC7AD98B /* Frameworks */,
			);
			sourceTree = "<group>";
		};
		7AC1827D1E9293570085E7CF /* Products */ = {
			isa = PBXGroup;
			children = (
				7AC1827C1E9293570085E7CF /* timetable.app */,
				7AC182901E9293570085E7CF /* timetableTests.xctest */,
				7AC1829B1E9293570085E7CF /* timetableUITests.xctest */,
			);
			name = Products;
			sourceTree = "<group>";
		};
		7AC1827E1E9293570085E7CF /* timetable */ = {
			isa = PBXGroup;
			children = (
				7AC1828B1E9293570085E7CF /* Info.plist */,
				7AC1827F1E9293570085E7CF /* AppDelegate.swift */,
				7A7191DF1EAC812F00CB829D /* FocusView.swift */,
				7AC87AD31EA7924200A5B3C9 /* UIColorHexExtension.swift */,
				7AA84E5B1E9B91B30025499E /* TimeTableEachDayViewController.swift */,
				7A367CB41EA1051F00C84742 /* DayTabBar.swift */,
				7A5F7B701EB6258100833C01 /* DetailTimetableViewController.swift */,
				7AFB498B1E95394A000EC38D /* timeTableViewCell.swift */,
				7AC182811E9293570085E7CF /* ViewController.swift */,
				7AC182861E9293570085E7CF /* Assets.xcassets */,
				7AC182831E9293570085E7CF /* Main.storyboard */,
				7A5F7B721EC3369A00833C01 /* SettingFormViewController.swift */,
				7AC87AD01EA4C51000A5B3C9 /* Models */,
			);
			path = timetable;
			sourceTree = "<group>";
		};
		7AC182931E9293570085E7CF /* timetableTests */ = {
			isa = PBXGroup;
			children = (
				7AC182881E9293570085E7CF /* LaunchScreen.storyboard */,
				7AC182941E9293570085E7CF /* timetableTests.swift */,
				7AC182961E9293570085E7CF /* Info.plist */,
			);
			path = timetableTests;
			sourceTree = "<group>";
		};
		7AC1829E1E9293570085E7CF /* timetableUITests */ = {
			isa = PBXGroup;
			children = (
				7AC1829F1E9293570085E7CF /* timetableUITests.swift */,
				7AC182A11E9293570085E7CF /* Info.plist */,
			);
			path = timetableUITests;
			sourceTree = "<group>";
		};
		7AC87AD01EA4C51000A5B3C9 /* Models */ = {
			isa = PBXGroup;
			children = (
				7AFB498F1E967495000EC38D /* timetable.swift */,
				7AC87AD11EA4C6E700A5B3C9 /* WeekOfDay.swift */,
				7AC87ACE1EA4C4FC00A5B3C9 /* timetableData.swift */,
				7AC87AD71EA8DCA600A5B3C9 /* TabBarSetting.swift */,
				7A5F7B6E1EB6095800833C01 /* EachDayRange.swift */,
			);
			name = Models;
			sourceTree = "<group>";
		};
		9FCD5594FF5633E8F73EABC9 /* Pods */ = {
			isa = PBXGroup;
			children = (
				9FD6BB1E2170DB5DE3E4633B /* Pods-timetable.debug.xcconfig */,
				73A88E9CC88C1BE3F0E42701 /* Pods-timetable.release.xcconfig */,
				21F94FF3C4D2BEEF8A8790D2 /* Pods-timetableTests.debug.xcconfig */,
				982AA089738D219E88E754D1 /* Pods-timetableTests.release.xcconfig */,
				6F9EAB2B21AD894F692B3549 /* Pods-timetableUITests.debug.xcconfig */,
				E3144FB4674083B9FDD2E0F6 /* Pods-timetableUITests.release.xcconfig */,
			);
			name = Pods;
			sourceTree = "<group>";
		};
/* End PBXGroup section */

/* Begin PBXNativeTarget section */
		7AC1827B1E9293570085E7CF /* timetable */ = {
			isa = PBXNativeTarget;
			buildConfigurationList = 7AC182A41E9293570085E7CF /* Build configuration list for PBXNativeTarget "timetable" */;
			buildPhases = (
				569000488716F4CDC3304471 /* [CP] Check Pods Manifest.lock */,
				7AC182781E9293570085E7CF /* Sources */,
				7AC182791E9293570085E7CF /* Frameworks */,
				7AC1827A1E9293570085E7CF /* Resources */,
				F40A0257F512EF3C66CCC86C /* [CP] Embed Pods Frameworks */,
				1B85820EA1AC0EE44D05527E /* [CP] Copy Pods Resources */,
			);
			buildRules = (
			);
			dependencies = (
			);
			name = timetable;
			productName = timetable;
			productReference = 7AC1827C1E9293570085E7CF /* timetable.app */;
			productType = "com.apple.product-type.application";
		};
		7AC1828F1E9293570085E7CF /* timetableTests */ = {
			isa = PBXNativeTarget;
			buildConfigurationList = 7AC182A71E9293570085E7CF /* Build configuration list for PBXNativeTarget "timetableTests" */;
			buildPhases = (
				D6E84253D607D1FBABF1B999 /* [CP] Check Pods Manifest.lock */,
				7AC1828C1E9293570085E7CF /* Sources */,
				7AC1828D1E9293570085E7CF /* Frameworks */,
				7AC1828E1E9293570085E7CF /* Resources */,
				B6E166E68C2C0ADB3847AAF3 /* [CP] Embed Pods Frameworks */,
				21C7E019DEE94BF02290E5DE /* [CP] Copy Pods Resources */,
			);
			buildRules = (
			);
			dependencies = (
				7AC182921E9293570085E7CF /* PBXTargetDependency */,
			);
			name = timetableTests;
			productName = timetableTests;
			productReference = 7AC182901E9293570085E7CF /* timetableTests.xctest */;
			productType = "com.apple.product-type.bundle.unit-test";
		};
		7AC1829A1E9293570085E7CF /* timetableUITests */ = {
			isa = PBXNativeTarget;
			buildConfigurationList = 7AC182AA1E9293570085E7CF /* Build configuration list for PBXNativeTarget "timetableUITests" */;
			buildPhases = (
				BA88818440930FD402B5CAB3 /* [CP] Check Pods Manifest.lock */,
				7AC182971E9293570085E7CF /* Sources */,
				7AC182981E9293570085E7CF /* Frameworks */,
				7AC182991E9293570085E7CF /* Resources */,
				6BB81FD2F2951ED11D9DBFD6 /* [CP] Embed Pods Frameworks */,
				8447DB27008C783F64C5CAB0 /* [CP] Copy Pods Resources */,
			);
			buildRules = (
			);
			dependencies = (
				7AC1829D1E9293570085E7CF /* PBXTargetDependency */,
			);
			name = timetableUITests;
			productName = timetableUITests;
			productReference = 7AC1829B1E9293570085E7CF /* timetableUITests.xctest */;
			productType = "com.apple.product-type.bundle.ui-testing";
		};
/* End PBXNativeTarget section */

/* Begin PBXProject section */
		7AC182741E9293570085E7CF /* Project object */ = {
			isa = PBXProject;
			attributes = {
				LastSwiftUpdateCheck = 0820;
				LastUpgradeCheck = 0820;
				ORGANIZATIONNAME = "森田一世";
				TargetAttributes = {
					7AC1827B1E9293570085E7CF = {
						CreatedOnToolsVersion = 8.2.1;
						DevelopmentTeam = YR7E8H243J;
						ProvisioningStyle = Automatic;
					};
					7AC1828F1E9293570085E7CF = {
						CreatedOnToolsVersion = 8.2.1;
						ProvisioningStyle = Automatic;
						TestTargetID = 7AC1827B1E9293570085E7CF;
					};
					7AC1829A1E9293570085E7CF = {
						CreatedOnToolsVersion = 8.2.1;
						ProvisioningStyle = Automatic;
						TestTargetID = 7AC1827B1E9293570085E7CF;
					};
				};
			};
			buildConfigurationList = 7AC182771E9293570085E7CF /* Build configuration list for PBXProject "timetable" */;
			compatibilityVersion = "Xcode 3.2";
			developmentRegion = English;
			hasScannedForEncodings = 0;
			knownRegions = (
				en,
				Base,
			);
			mainGroup = 7AC182731E9293570085E7CF;
			productRefGroup = 7AC1827D1E9293570085E7CF /* Products */;
			projectDirPath = "";
			projectRoot = "";
			targets = (
				7AC1827B1E9293570085E7CF /* timetable */,
				7AC1828F1E9293570085E7CF /* timetableTests */,
				7AC1829A1E9293570085E7CF /* timetableUITests */,
			);
		};
/* End PBXProject section */

/* Begin PBXResourcesBuildPhase section */
		7AC1827A1E9293570085E7CF /* Resources */ = {
			isa = PBXResourcesBuildPhase;
			buildActionMask = 2147483647;
			files = (
				7AC1828A1E9293570085E7CF /* LaunchScreen.storyboard in Resources */,
				7AC182871E9293570085E7CF /* Assets.xcassets in Resources */,
				7AC182851E9293570085E7CF /* Main.storyboard in Resources */,
			);
			runOnlyForDeploymentPostprocessing = 0;
		};
		7AC1828E1E9293570085E7CF /* Resources */ = {
			isa = PBXResourcesBuildPhase;
			buildActionMask = 2147483647;
			files = (
			);
			runOnlyForDeploymentPostprocessing = 0;
		};
		7AC182991E9293570085E7CF /* Resources */ = {
			isa = PBXResourcesBuildPhase;
			buildActionMask = 2147483647;
			files = (
			);
			runOnlyForDeploymentPostprocessing = 0;
		};
/* End PBXResourcesBuildPhase section */

/* Begin PBXShellScriptBuildPhase section */
		1B85820EA1AC0EE44D05527E /* [CP] Copy Pods Resources */ = {
			isa = PBXShellScriptBuildPhase;
			buildActionMask = 2147483647;
			files = (
			);
			inputPaths = (
			);
			name = "[CP] Copy Pods Resources";
			outputPaths = (
			);
			runOnlyForDeploymentPostprocessing = 0;
			shellPath = /bin/sh;
			shellScript = "\"${SRCROOT}/Pods/Target Support Files/Pods-timetable/Pods-timetable-resources.sh\"\n";
			showEnvVarsInLog = 0;
		};
		21C7E019DEE94BF02290E5DE /* [CP] Copy Pods Resources */ = {
			isa = PBXShellScriptBuildPhase;
			buildActionMask = 2147483647;
			files = (
			);
			inputPaths = (
			);
			name = "[CP] Copy Pods Resources";
			outputPaths = (
			);
			runOnlyForDeploymentPostprocessing = 0;
			shellPath = /bin/sh;
			shellScript = "\"${SRCROOT}/Pods/Target Support Files/Pods-timetableTests/Pods-timetableTests-resources.sh\"\n";
			showEnvVarsInLog = 0;
		};
		569000488716F4CDC3304471 /* [CP] Check Pods Manifest.lock */ = {
			isa = PBXShellScriptBuildPhase;
			buildActionMask = 2147483647;
			files = (
			);
			inputPaths = (
			);
			name = "[CP] Check Pods Manifest.lock";
			outputPaths = (
			);
			runOnlyForDeploymentPostprocessing = 0;
			shellPath = /bin/sh;
			shellScript = "diff \"${PODS_ROOT}/../Podfile.lock\" \"${PODS_ROOT}/Manifest.lock\" > /dev/null\nif [ $? != 0 ] ; then\n    # print error to STDERR\n    echo \"error: The sandbox is not in sync with the Podfile.lock. Run 'pod install' or update your CocoaPods installation.\" >&2\n    exit 1\nfi\n";
			showEnvVarsInLog = 0;
		};
		6BB81FD2F2951ED11D9DBFD6 /* [CP] Embed Pods Frameworks */ = {
			isa = PBXShellScriptBuildPhase;
			buildActionMask = 2147483647;
			files = (
			);
			inputPaths = (
			);
			name = "[CP] Embed Pods Frameworks";
			outputPaths = (
			);
			runOnlyForDeploymentPostprocessing = 0;
			shellPath = /bin/sh;
			shellScript = "\"${SRCROOT}/Pods/Target Support Files/Pods-timetableUITests/Pods-timetableUITests-frameworks.sh\"\n";
			showEnvVarsInLog = 0;
		};
		8447DB27008C783F64C5CAB0 /* [CP] Copy Pods Resources */ = {
			isa = PBXShellScriptBuildPhase;
			buildActionMask = 2147483647;
			files = (
			);
			inputPaths = (
			);
			name = "[CP] Copy Pods Resources";
			outputPaths = (
			);
			runOnlyForDeploymentPostprocessing = 0;
			shellPath = /bin/sh;
			shellScript = "\"${SRCROOT}/Pods/Target Support Files/Pods-timetableUITests/Pods-timetableUITests-resources.sh\"\n";
			showEnvVarsInLog = 0;
		};
		B6E166E68C2C0ADB3847AAF3 /* [CP] Embed Pods Frameworks */ = {
			isa = PBXShellScriptBuildPhase;
			buildActionMask = 2147483647;
			files = (
			);
			inputPaths = (
			);
			name = "[CP] Embed Pods Frameworks";
			outputPaths = (
			);
			runOnlyForDeploymentPostprocessing = 0;
			shellPath = /bin/sh;
			shellScript = "\"${SRCROOT}/Pods/Target Support Files/Pods-timetableTests/Pods-timetableTests-frameworks.sh\"\n";
			showEnvVarsInLog = 0;
		};
		BA88818440930FD402B5CAB3 /* [CP] Check Pods Manifest.lock */ = {
			isa = PBXShellScriptBuildPhase;
			buildActionMask = 2147483647;
			files = (
			);
			inputPaths = (
			);
			name = "[CP] Check Pods Manifest.lock";
			outputPaths = (
			);
			runOnlyForDeploymentPostprocessing = 0;
			shellPath = /bin/sh;
			shellScript = "diff \"${PODS_ROOT}/../Podfile.lock\" \"${PODS_ROOT}/Manifest.lock\" > /dev/null\nif [ $? != 0 ] ; then\n    # print error to STDERR\n    echo \"error: The sandbox is not in sync with the Podfile.lock. Run 'pod install' or update your CocoaPods installation.\" >&2\n    exit 1\nfi\n";
			showEnvVarsInLog = 0;
		};
		D6E84253D607D1FBABF1B999 /* [CP] Check Pods Manifest.lock */ = {
			isa = PBXShellScriptBuildPhase;
			buildActionMask = 2147483647;
			files = (
			);
			inputPaths = (
			);
			name = "[CP] Check Pods Manifest.lock";
			outputPaths = (
			);
			runOnlyForDeploymentPostprocessing = 0;
			shellPath = /bin/sh;
			shellScript = "diff \"${PODS_ROOT}/../Podfile.lock\" \"${PODS_ROOT}/Manifest.lock\" > /dev/null\nif [ $? != 0 ] ; then\n    # print error to STDERR\n    echo \"error: The sandbox is not in sync with the Podfile.lock. Run 'pod install' or update your CocoaPods installation.\" >&2\n    exit 1\nfi\n";
			showEnvVarsInLog = 0;
		};
		F40A0257F512EF3C66CCC86C /* [CP] Embed Pods Frameworks */ = {
			isa = PBXShellScriptBuildPhase;
			buildActionMask = 2147483647;
			files = (
			);
			inputPaths = (
			);
			name = "[CP] Embed Pods Frameworks";
			outputPaths = (
			);
			runOnlyForDeploymentPostprocessing = 0;
			shellPath = /bin/sh;
			shellScript = "\"${SRCROOT}/Pods/Target Support Files/Pods-timetable/Pods-timetable-frameworks.sh\"\n";
			showEnvVarsInLog = 0;
		};
/* End PBXShellScriptBuildPhase section */

/* Begin PBXSourcesBuildPhase section */
		7AC182781E9293570085E7CF /* Sources */ = {
			isa = PBXSourcesBuildPhase;
			buildActionMask = 2147483647;
			files = (
				7A5F7B711EB6258100833C01 /* DetailTimetableViewController.swift in Sources */,
				7AFB498C1E95394A000EC38D /* timeTableViewCell.swift in Sources */,
				7A7191E01EAC812F00CB829D /* FocusView.swift in Sources */,
				7AC182821E9293570085E7CF /* ViewController.swift in Sources */,
				7AC87ACF1EA4C4FC00A5B3C9 /* timetableData.swift in Sources */,
				7AC87AD21EA4C6E700A5B3C9 /* WeekOfDay.swift in Sources */,
				7A5F7B6F1EB6095800833C01 /* EachDayRange.swift in Sources */,
				7AC87AD81EA8DCA600A5B3C9 /* TabBarSetting.swift in Sources */,
				7AA84E5C1E9B91B30025499E /* TimeTableEachDayViewController.swift in Sources */,
				7AC182801E9293570085E7CF /* AppDelegate.swift in Sources */,
				7AC87AD41EA7924300A5B3C9 /* UIColorHexExtension.swift in Sources */,
				7AFB49901E967495000EC38D /* timetable.swift in Sources */,
				7A367CB51EA1051F00C84742 /* DayTabBar.swift in Sources */,
				7A5F7B731EC3369A00833C01 /* SettingFormViewController.swift in Sources */,
			);
			runOnlyForDeploymentPostprocessing = 0;
		};
		7AC1828C1E9293570085E7CF /* Sources */ = {
			isa = PBXSourcesBuildPhase;
			buildActionMask = 2147483647;
			files = (
				7AC182951E9293570085E7CF /* timetableTests.swift in Sources */,
			);
			runOnlyForDeploymentPostprocessing = 0;
		};
		7AC182971E9293570085E7CF /* Sources */ = {
			isa = PBXSourcesBuildPhase;
			buildActionMask = 2147483647;
			files = (
				7AC182A01E9293570085E7CF /* timetableUITests.swift in Sources */,
			);
			runOnlyForDeploymentPostprocessing = 0;
		};
/* End PBXSourcesBuildPhase section */

/* Begin PBXTargetDependency section */
		7AC182921E9293570085E7CF /* PBXTargetDependency */ = {
			isa = PBXTargetDependency;
			target = 7AC1827B1E9293570085E7CF /* timetable */;
			targetProxy = 7AC182911E9293570085E7CF /* PBXContainerItemProxy */;
		};
		7AC1829D1E9293570085E7CF /* PBXTargetDependency */ = {
			isa = PBXTargetDependency;
			target = 7AC1827B1E9293570085E7CF /* timetable */;
			targetProxy = 7AC1829C1E9293570085E7CF /* PBXContainerItemProxy */;
		};
/* End PBXTargetDependency section */

/* Begin PBXVariantGroup section */
		7AC182831E9293570085E7CF /* Main.storyboard */ = {
			isa = PBXVariantGroup;
			children = (
				7AC182841E9293570085E7CF /* Base */,
			);
			name = Main.storyboard;
			sourceTree = "<group>";
		};
		7AC182881E9293570085E7CF /* LaunchScreen.storyboard */ = {
			isa = PBXVariantGroup;
			children = (
				7AC182891E9293570085E7CF /* Base */,
			);
			name = LaunchScreen.storyboard;
			path = ../timetable;
			sourceTree = "<group>";
		};
/* End PBXVariantGroup section */

/* Begin XCBuildConfiguration section */
		7AC182A21E9293570085E7CF /* Debug */ = {
			isa = XCBuildConfiguration;
			buildSettings = {
				ALWAYS_SEARCH_USER_PATHS = NO;
				CLANG_ANALYZER_NONNULL = YES;
				CLANG_CXX_LANGUAGE_STANDARD = "gnu++0x";
				CLANG_CXX_LIBRARY = "libc++";
				CLANG_ENABLE_MODULES = YES;
				CLANG_ENABLE_OBJC_ARC = YES;
				CLANG_WARN_BOOL_CONVERSION = YES;
				CLANG_WARN_CONSTANT_CONVERSION = YES;
				CLANG_WARN_DIRECT_OBJC_ISA_USAGE = YES_ERROR;
				CLANG_WARN_DOCUMENTATION_COMMENTS = YES;
				CLANG_WARN_EMPTY_BODY = YES;
				CLANG_WARN_ENUM_CONVERSION = YES;
				CLANG_WARN_INFINITE_RECURSION = YES;
				CLANG_WARN_INT_CONVERSION = YES;
				CLANG_WARN_OBJC_ROOT_CLASS = YES_ERROR;
				CLANG_WARN_SUSPICIOUS_MOVE = YES;
				CLANG_WARN_UNREACHABLE_CODE = YES;
				CLANG_WARN__DUPLICATE_METHOD_MATCH = YES;
				"CODE_SIGN_IDENTITY[sdk=iphoneos*]" = "iPhone Developer";
				COPY_PHASE_STRIP = NO;
				DEBUG_INFORMATION_FORMAT = dwarf;
				ENABLE_STRICT_OBJC_MSGSEND = YES;
				ENABLE_TESTABILITY = YES;
				GCC_C_LANGUAGE_STANDARD = gnu99;
				GCC_DYNAMIC_NO_PIC = NO;
				GCC_NO_COMMON_BLOCKS = YES;
				GCC_OPTIMIZATION_LEVEL = 0;
				GCC_PREPROCESSOR_DEFINITIONS = (
					"DEBUG=1",
					"$(inherited)",
				);
				GCC_WARN_64_TO_32_BIT_CONVERSION = YES;
				GCC_WARN_ABOUT_RETURN_TYPE = YES_ERROR;
				GCC_WARN_UNDECLARED_SELECTOR = YES;
				GCC_WARN_UNINITIALIZED_AUTOS = YES_AGGRESSIVE;
				GCC_WARN_UNUSED_FUNCTION = YES;
				GCC_WARN_UNUSED_VARIABLE = YES;
				IPHONEOS_DEPLOYMENT_TARGET = 10.2;
				MTL_ENABLE_DEBUG_INFO = YES;
				ONLY_ACTIVE_ARCH = YES;
				SDKROOT = iphoneos;
				SWIFT_ACTIVE_COMPILATION_CONDITIONS = DEBUG;
				SWIFT_OPTIMIZATION_LEVEL = "-Onone";
			};
			name = Debug;
		};
		7AC182A31E9293570085E7CF /* Release */ = {
			isa = XCBuildConfiguration;
			buildSettings = {
				ALWAYS_SEARCH_USER_PATHS = NO;
				CLANG_ANALYZER_NONNULL = YES;
				CLANG_CXX_LANGUAGE_STANDARD = "gnu++0x";
				CLANG_CXX_LIBRARY = "libc++";
				CLANG_ENABLE_MODULES = YES;
				CLANG_ENABLE_OBJC_ARC = YES;
				CLANG_WARN_BOOL_CONVERSION = YES;
				CLANG_WARN_CONSTANT_CONVERSION = YES;
				CLANG_WARN_DIRECT_OBJC_ISA_USAGE = YES_ERROR;
				CLANG_WARN_DOCUMENTATION_COMMENTS = YES;
				CLANG_WARN_EMPTY_BODY = YES;
				CLANG_WARN_ENUM_CONVERSION = YES;
				CLANG_WARN_INFINITE_RECURSION = YES;
				CLANG_WARN_INT_CONVERSION = YES;
				CLANG_WARN_OBJC_ROOT_CLASS = YES_ERROR;
				CLANG_WARN_SUSPICIOUS_MOVE = YES;
				CLANG_WARN_UNREACHABLE_CODE = YES;
				CLANG_WARN__DUPLICATE_METHOD_MATCH = YES;
				"CODE_SIGN_IDENTITY[sdk=iphoneos*]" = "iPhone Developer";
				COPY_PHASE_STRIP = NO;
				DEBUG_INFORMATION_FORMAT = "dwarf-with-dsym";
				ENABLE_NS_ASSERTIONS = NO;
				ENABLE_STRICT_OBJC_MSGSEND = YES;
				GCC_C_LANGUAGE_STANDARD = gnu99;
				GCC_NO_COMMON_BLOCKS = YES;
				GCC_WARN_64_TO_32_BIT_CONVERSION = YES;
				GCC_WARN_ABOUT_RETURN_TYPE = YES_ERROR;
				GCC_WARN_UNDECLARED_SELECTOR = YES;
				GCC_WARN_UNINITIALIZED_AUTOS = YES_AGGRESSIVE;
				GCC_WARN_UNUSED_FUNCTION = YES;
				GCC_WARN_UNUSED_VARIABLE = YES;
				IPHONEOS_DEPLOYMENT_TARGET = 10.2;
				MTL_ENABLE_DEBUG_INFO = NO;
				SDKROOT = iphoneos;
				SWIFT_OPTIMIZATION_LEVEL = "-Owholemodule";
				VALIDATE_PRODUCT = YES;
			};
			name = Release;
		};
		7AC182A51E9293570085E7CF /* Debug */ = {
			isa = XCBuildConfiguration;
			baseConfigurationReference = 9FD6BB1E2170DB5DE3E4633B /* Pods-timetable.debug.xcconfig */;
			buildSettings = {
				ASSETCATALOG_COMPILER_APPICON_NAME = AppIcon;
				DEVELOPMENT_TEAM = YR7E8H243J;
				INFOPLIST_FILE = timetable/Info.plist;
				IPHONEOS_DEPLOYMENT_TARGET = 10.3;
				LD_RUNPATH_SEARCH_PATHS = "$(inherited) @executable_path/Frameworks";
				PRODUCT_BUNDLE_IDENTIFIER = com.morita.timetable;
				PRODUCT_NAME = "$(TARGET_NAME)";
				SWIFT_VERSION = 3.0;
			};
			name = Debug;
		};
		7AC182A61E9293570085E7CF /* Release */ = {
			isa = XCBuildConfiguration;
			baseConfigurationReference = 73A88E9CC88C1BE3F0E42701 /* Pods-timetable.release.xcconfig */;
			buildSettings = {
				ASSETCATALOG_COMPILER_APPICON_NAME = AppIcon;
				DEVELOPMENT_TEAM = YR7E8H243J;
				INFOPLIST_FILE = timetable/Info.plist;
				IPHONEOS_DEPLOYMENT_TARGET = 10.3;
				LD_RUNPATH_SEARCH_PATHS = "$(inherited) @executable_path/Frameworks";
				PRODUCT_BUNDLE_IDENTIFIER = com.morita.timetable;
				PRODUCT_NAME = "$(TARGET_NAME)";
				SWIFT_VERSION = 3.0;
			};
			name = Release;
		};
		7AC182A81E9293570085E7CF /* Debug */ = {
			isa = XCBuildConfiguration;
			baseConfigurationReference = 21F94FF3C4D2BEEF8A8790D2 /* Pods-timetableTests.debug.xcconfig */;
			buildSettings = {
				ALWAYS_EMBED_SWIFT_STANDARD_LIBRARIES = YES;
				BUNDLE_LOADER = "$(TEST_HOST)";
				INFOPLIST_FILE = timetableTests/Info.plist;
				LD_RUNPATH_SEARCH_PATHS = "$(inherited) @executable_path/Frameworks @loader_path/Frameworks";
				PRODUCT_BUNDLE_IDENTIFIER = com.morita.timetableTests;
				PRODUCT_NAME = "$(TARGET_NAME)";
				SWIFT_VERSION = 3.0;
				TEST_HOST = "$(BUILT_PRODUCTS_DIR)/timetable.app/timetable";
			};
			name = Debug;
		};
		7AC182A91E9293570085E7CF /* Release */ = {
			isa = XCBuildConfiguration;
			baseConfigurationReference = 982AA089738D219E88E754D1 /* Pods-timetableTests.release.xcconfig */;
			buildSettings = {
				ALWAYS_EMBED_SWIFT_STANDARD_LIBRARIES = YES;
				BUNDLE_LOADER = "$(TEST_HOST)";
				INFOPLIST_FILE = timetableTests/Info.plist;
				LD_RUNPATH_SEARCH_PATHS = "$(inherited) @executable_path/Frameworks @loader_path/Frameworks";
				PRODUCT_BUNDLE_IDENTIFIER = com.morita.timetableTests;
				PRODUCT_NAME = "$(TARGET_NAME)";
				SWIFT_VERSION = 3.0;
				TEST_HOST = "$(BUILT_PRODUCTS_DIR)/timetable.app/timetable";
			};
			name = Release;
		};
		7AC182AB1E9293570085E7CF /* Debug */ = {
			isa = XCBuildConfiguration;
			baseConfigurationReference = 6F9EAB2B21AD894F692B3549 /* Pods-timetableUITests.debug.xcconfig */;
			buildSettings = {
				ALWAYS_EMBED_SWIFT_STANDARD_LIBRARIES = YES;
				INFOPLIST_FILE = timetableUITests/Info.plist;
				LD_RUNPATH_SEARCH_PATHS = "$(inherited) @executable_path/Frameworks @loader_path/Frameworks";
				PRODUCT_BUNDLE_IDENTIFIER = com.morita.timetableUITests;
				PRODUCT_NAME = "$(TARGET_NAME)";
				SWIFT_VERSION = 3.0;
				TEST_TARGET_NAME = timetable;
			};
			name = Debug;
		};
		7AC182AC1E9293570085E7CF /* Release */ = {
			isa = XCBuildConfiguration;
			baseConfigurationReference = E3144FB4674083B9FDD2E0F6 /* Pods-timetableUITests.release.xcconfig */;
			buildSettings = {
				ALWAYS_EMBED_SWIFT_STANDARD_LIBRARIES = YES;
				INFOPLIST_FILE = timetableUITests/Info.plist;
				LD_RUNPATH_SEARCH_PATHS = "$(inherited) @executable_path/Frameworks @loader_path/Frameworks";
				PRODUCT_BUNDLE_IDENTIFIER = com.morita.timetableUITests;
				PRODUCT_NAME = "$(TARGET_NAME)";
				SWIFT_VERSION = 3.0;
				TEST_TARGET_NAME = timetable;
			};
			name = Release;
		};
/* End XCBuildConfiguration section */

/* Begin XCConfigurationList section */
		7AC182771E9293570085E7CF /* Build configuration list for PBXProject "timetable" */ = {
			isa = XCConfigurationList;
			buildConfigurations = (
				7AC182A21E9293570085E7CF /* Debug */,
				7AC182A31E9293570085E7CF /* Release */,
			);
			defaultConfigurationIsVisible = 0;
			defaultConfigurationName = Release;
		};
		7AC182A41E9293570085E7CF /* Build configuration list for PBXNativeTarget "timetable" */ = {
			isa = XCConfigurationList;
			buildConfigurations = (
				7AC182A51E9293570085E7CF /* Debug */,
				7AC182A61E9293570085E7CF /* Release */,
			);
			defaultConfigurationIsVisible = 0;
			defaultConfigurationName = Release;
		};
		7AC182A71E9293570085E7CF /* Build configuration list for PBXNativeTarget "timetableTests" */ = {
			isa = XCConfigurationList;
			buildConfigurations = (
				7AC182A81E9293570085E7CF /* Debug */,
				7AC182A91E9293570085E7CF /* Release */,
			);
			defaultConfigurationIsVisible = 0;
			defaultConfigurationName = Release;
		};
		7AC182AA1E9293570085E7CF /* Build configuration list for PBXNativeTarget "timetableUITests" */ = {
			isa = XCConfigurationList;
			buildConfigurations = (
				7AC182AB1E9293570085E7CF /* Debug */,
				7AC182AC1E9293570085E7CF /* Release */,
			);
			defaultConfigurationIsVisible = 0;
			defaultConfigurationName = Release;
		};
/* End XCConfigurationList section */
	};
	rootObject = 7AC182741E9293570085E7CF /* Project object */;
}
